
Microsoft Visual Studio Solution File, Format Version 12.00
# Visual Studio 15
VisualStudioVersion = 15.0.27703.2018
MinimumVisualStudioVersion = 10.0.40219.1
Project("{8BC9CEB8-8B4A-11D0-8D11-00A0C91BC942}") = "Particles", "Particles.vcxproj", "{3675E266-5F84-44F5-BB86-F55D8D802253}"
EndProject
Global
	GlobalSection(SolutionConfigurationPlatforms) = preSolution
		Debug|x64 = Debug|x64
		Debug|x86 = Debug|x86
		Release|x64 = Release|x64
		Release|x86 = Release|x86
	EndGlobalSection
	GlobalSection(ProjectConfigurationPlatforms) = postSolution
		{3675E266-5F84-44F5-BB86-F55D8D802253}.Debug|x64.ActiveCfg = Debug|x64
		{3675E266-5F84-44F5-BB86-F55D8D802253}.Debug|x64.Build.0 = Debug|x64
		{3675E266-5F84-44F5-BB86-F55D8D802253}.Debug|x86.ActiveCfg = Debug|Win32
		{3675E266-5F84-44F5-BB86-F55D8D802253}.Debug|x86.Build.0 = Debug|Win32
		{3675E266-5F84-44F5-BB86-F55D8D802253}.Release|x64.ActiveCfg = Release|x64
		{3675E266-5F84-44F5-BB86-F55D8D802253}.Release|x64.Build.0 = Release|x64
		{3675E266-5F84-44F5-BB86-F55D8D802253}.Release|x86.ActiveCfg = Release|Win32
		{3675E266-5F84-44F5-BB86-F55D8D802253}.Release|x86.Build.0 = Release|Win32
	EndGlobalSection
	GlobalSection(SolutionProperties) = preSolution
		HideSolutionNode = FALSE
	EndGlobalSection
	GlobalSection(ExtensibilityGlobals) = postSolution
		SolutionGuid = {697D9FCC-3CA2-4F53-BB44-FB1A013CE719}
	EndGlobalSection
EndGlobal
